// !$*UTF8*$!
{
	archiveVersion = 1;
	classes = {
	};
	objectVersion = 50;
	objects = {

/* Begin PBXBuildFile section */
		EC0BD9226EBEDF1498C89645 /* libPods-LGJMoudleA.a in Frameworks */ = {isa = PBXBuildFile; fileRef = 209F73F3C06356CA689FF505 /* libPods-LGJMoudleA.a */; };
		FA5713D324BD80D1002AF182 /* AppDelegate.swift in Sources */ = {isa = PBXBuildFile; fileRef = FA5713D224BD80D1002AF182 /* AppDelegate.swift */; };
		FA5713D924BD80D2002AF182 /* Assets.xcassets in Resources */ = {isa = PBXBuildFile; fileRef = FA5713D824BD80D2002AF182 /* Assets.xcassets */; };
		FA5713DF24BD80D2002AF182 /* LaunchScreen.storyboard in Resources */ = {isa = PBXBuildFile; fileRef = FA5713DD24BD80D2002AF182 /* LaunchScreen.storyboard */; };
		FA5713E824BD8DDF002AF182 /* ReamTool.swift in Sources */ = {isa = PBXBuildFile; fileRef = FA5713E724BD8DDF002AF182 /* ReamTool.swift */; };
/* End PBXBuildFile section */

/* Begin PBXFileReference section */
		209F73F3C06356CA689FF505 /* libPods-LGJMoudleA.a */ = {isa = PBXFileReference; explicitFileType = archive.ar; includeInIndex = 0; path = "libPods-LGJMoudleA.a"; sourceTree = BUILT_PRODUCTS_DIR; };
		526F4D06CB831D0AC9F3CDD9 /* Pods-LGJMoudleA.debug.xcconfig */ = {isa = PBXFileReference; includeInIndex = 1; lastKnownFileType = text.xcconfig; name = "Pods-LGJMoudleA.debug.xcconfig"; path = "Target Support Files/Pods-LGJMoudleA/Pods-LGJMoudleA.debug.xcconfig"; sourceTree = "<group>"; };
		C51EB759C0117051C9C7D7C1 /* Pods-LGJMoudleA.release.xcconfig */ = {isa = PBXFileReference; includeInIndex = 1; lastKnownFileType = text.xcconfig; name = "Pods-LGJMoudleA.release.xcconfig"; path = "Target Support Files/Pods-LGJMoudleA/Pods-LGJMoudleA.release.xcconfig"; sourceTree = "<group>"; };
		FA5713CF24BD80D1002AF182 /* LGJMoudleA.app */ = {isa = PBXFileReference; explicitFileType = wrapper.application; includeInIndex = 0; path = LGJMoudleA.app; sourceTree = BUILT_PRODUCTS_DIR; };
		FA5713D224BD80D1002AF182 /* AppDelegate.swift */ = {isa = PBXFileReference; lastKnownFileType = sourcecode.swift; path = AppDelegate.swift; sourceTree = "<group>"; };
		FA5713D824BD80D2002AF182 /* Assets.xcassets */ = {isa = PBXFileReference; lastKnownFileType = folder.assetcatalog; path = Assets.xcassets; sourceTree = "<group>"; };
		FA5713DE24BD80D2002AF182 /* Base */ = {isa = PBXFileReference; lastKnownFileType = file.storyboard; name = Base; path = Base.lproj/LaunchScreen.storyboard; sourceTree = "<group>"; };
		FA5713E024BD80D2002AF182 /* Info.plist */ = {isa = PBXFileReference; lastKnownFileType = text.plist.xml; path = Info.plist; sourceTree = "<group>"; };
		FA5713E724BD8DDF002AF182 /* ReamTool.swift */ = {isa = PBXFileReference; lastKnownFileType = sourcecode.swift; path = ReamTool.swift; sourceTree = "<group>"; };
/* End PBXFileReference section */

/* Begin PBXFrameworksBuildPhase section */
		FA5713CC24BD80D1002AF182 /* Frameworks */ = {
			isa = PBXFrameworksBuildPhase;
			buildActionMask = 2147483647;
			files = (
				EC0BD9226EBEDF1498C89645 /* libPods-LGJMoudleA.a in Frameworks */,
			);
			runOnlyForDeploymentPostprocessing = 0;
		};
/* End PBXFrameworksBuildPhase section */

/* Begin PBXGroup section */
		0211CFA6C38030905FC0D677 /* Pods */ = {
			isa = PBXGroup;
			children = (
				526F4D06CB831D0AC9F3CDD9 /* Pods-LGJMoudleA.debug.xcconfig */,
				C51EB759C0117051C9C7D7C1 /* Pods-LGJMoudleA.release.xcconfig */,
			);
			path = Pods;
			sourceTree = "<group>";
		};
		AFE525E8B580D84BE9933FB5 /* Frameworks */ = {
			isa = PBXGroup;
			children = (
				209F73F3C06356CA689FF505 /* libPods-LGJMoudleA.a */,
			);
			name = Frameworks;
			sourceTree = "<group>";
		};
		FA5713C624BD80D1002AF182 = {
			isa = PBXGroup;
			children = (
				FA5713D124BD80D1002AF182 /* LGJMoudleA */,
				FA5713D024BD80D1002AF182 /* Products */,
				0211CFA6C38030905FC0D677 /* Pods */,
				AFE525E8B580D84BE9933FB5 /* Frameworks */,
			);
			sourceTree = "<group>";
		};
		FA5713D024BD80D1002AF182 /* Products */ = {
			isa = PBXGroup;
			children = (
				FA5713CF24BD80D1002AF182 /* LGJMoudleA.app */,
			);
			name = Products;
			sourceTree = "<group>";
		};
		FA5713D124BD80D1002AF182 /* LGJMoudleA */ = {
			isa = PBXGroup;
			children = (
				FA5713E624BD8DCE002AF182 /* Tool */,
				FA5713D224BD80D1002AF182 /* AppDelegate.swift */,
				FA5713D824BD80D2002AF182 /* Assets.xcassets */,
				FA5713DD24BD80D2002AF182 /* LaunchScreen.storyboard */,
				FA5713E024BD80D2002AF182 /* Info.plist */,
			);
			path = LGJMoudleA;
			sourceTree = "<group>";
		};
		FA5713E624BD8DCE002AF182 /* Tool */ = {
			isa = PBXGroup;
			children = (
				FA5713E724BD8DDF002AF182 /* ReamTool.swift */,
			);
			path = Tool;
			sourceTree = "<group>";
		};
/* End PBXGroup section */

/* Begin PBXNativeTarget section */
		FA5713CE24BD80D1002AF182 /* LGJMoudleA */ = {
			isa = PBXNativeTarget;
			buildConfigurationList = FA5713E324BD80D2002AF182 /* Build configuration list for PBXNativeTarget "LGJMoudleA" */;
			buildPhases = (
				58DC32816DB5A841001EAB34 /* [CP] Check Pods Manifest.lock */,
				FA5713CB24BD80D1002AF182 /* Sources */,
				FA5713CC24BD80D1002AF182 /* Frameworks */,
				FA5713CD24BD80D1002AF182 /* Resources */,
			);
			buildRules = (
			);
			dependencies = (
			);
			name = LGJMoudleA;
			productName = LGJMoudleA;
			productReference = FA5713CF24BD80D1002AF182 /* LGJMoudleA.app */;
			productType = "com.apple.product-type.application";
		};
/* End PBXNativeTarget section */

/* Begin PBXProject section */
		FA5713C724BD80D1002AF182 /* Project object */ = {
			isa = PBXProject;
			attributes = {
				LastSwiftUpdateCheck = 1150;
				LastUpgradeCheck = 1150;
				ORGANIZATIONNAME = Alex;
				TargetAttributes = {
					FA5713CE24BD80D1002AF182 = {
						CreatedOnToolsVersion = 11.5;
					};
				};
			};
			buildConfigurationList = FA5713CA24BD80D1002AF182 /* Build configuration list for PBXProject "LGJMoudleA" */;
			compatibilityVersion = "Xcode 9.3";
			developmentRegion = en;
			hasScannedForEncodings = 0;
			knownRegions = (
				en,
				Base,
			);
			mainGroup = FA5713C624BD80D1002AF182;
			productRefGroup = FA5713D024BD80D1002AF182 /* Products */;
			projectDirPath = "";
			projectRoot = "";
			targets = (
				FA5713CE24BD80D1002AF182 /* LGJMoudleA */,
			);
		};
/* End PBXProject section */

/* Begin PBXResourcesBuildPhase section */
		FA5713CD24BD80D1002AF182 /* Resources */ = {
			isa = PBXResourcesBuildPhase;
			buildActionMask = 2147483647;
			files = (
				FA5713DF24BD80D2002AF182 /* LaunchScreen.storyboard in Resources */,
				FA5713D924BD80D2002AF182 /* Assets.xcassets in Resources */,
			);
			runOnlyForDeploymentPostprocessing = 0;
		};
/* End PBXResourcesBuildPhase section */

/* Begin PBXShellScriptBuildPhase section */
		58DC32816DB5A841001EAB34 /* [CP] Check Pods Manifest.lock */ = {
			isa = PBXShellScriptBuildPhase;
			buildActionMask = 2147483647;
			files = (
			);
			inputFileListPaths = (
			);
			inputPaths = (
				"${PODS_PODFILE_DIR_PATH}/Podfile.lock",
				"${PODS_ROOT}/Manifest.lock",
			);
			name = "[CP] Check Pods Manifest.lock";
			outputFileListPaths = (
			);
			outputPaths = (
				"$(DERIVED_FILE_DIR)/Pods-LGJMoudleA-checkManifestLockResult.txt",
			);
			runOnlyForDeploymentPostprocessing = 0;
			shellPath = /bin/sh;
			shellScript = "diff \"${PODS_PODFILE_DIR_PATH}/Podfile.lock\" \"${PODS_ROOT}/Manifest.lock\" > /dev/null\nif [ $? != 0 ] ; then\n    # print error to STDERR\n    echo \"error: The sandbox is not in sync with the Podfile.lock. Run 'pod install' or update your CocoaPods installation.\" >&2\n    exit 1\nfi\n# This output is used by Xcode 'outputs' to avoid re-running this script phase.\necho \"SUCCESS\" > \"${SCRIPT_OUTPUT_FILE_0}\"\n";
			showEnvVarsInLog = 0;
		};
/* End PBXShellScriptBuildPhase section */

/* Begin PBXSourcesBuildPhase section */
		FA5713CB24BD80D1002AF182 /* Sources */ = {
			isa = PBXSourcesBuildPhase;
			buildActionMask = 2147483647;
			files = (
				FA5713E824BD8DDF002AF182 /* ReamTool.swift in Sources */,
				FA5713D324BD80D1002AF182 /* AppDelegate.swift in Sources */,
			);
			runOnlyForDeploymentPostprocessing = 0;
		};
/* End PBXSourcesBuildPhase section */

/* Begin PBXVariantGroup section */
		FA5713DD24BD80D2002AF182 /* LaunchScreen.storyboard */ = {
			isa = PBXVariantGroup;
			children = (
				FA5713DE24BD80D2002AF182 /* Base */,
			);
			name = LaunchScreen.storyboard;
			sourceTree = "<group>";
		};
/* End PBXVariantGroup section */

/* Begin XCBuildConfiguration section */
		FA5713E124BD80D2002AF182 /* Debug */ = {
			isa = XCBuildConfiguration;
			buildSettings = {
				ALWAYS_SEARCH_USER_PATHS = NO;
				CLANG_ANALYZER_NONNULL = YES;
				CLANG_ANALYZER_NUMBER_OBJECT_CONVERSION = YES_AGGRESSIVE;
				CLANG_CXX_LANGUAGE_STANDARD = "gnu++14";
				CLANG_CXX_LIBRARY = "libc++";
				CLANG_ENABLE_MODULES = YES;
				CLANG_ENABLE_OBJC_ARC = YES;
				CLANG_ENABLE_OBJC_WEAK = YES;
				CLANG_WARN_BLOCK_CAPTURE_AUTORELEASING = YES;
				CLANG_WARN_BOOL_CONVERSION = YES;
				CLANG_WARN_COMMA = YES;
				CLANG_WARN_CONSTANT_CONVERSION = YES;
				CLANG_WARN_DEPRECATED_OBJC_IMPLEMENTATIONS = YES;
				CLANG_WARN_DIRECT_OBJC_ISA_USAGE = YES_ERROR;
				CLANG_WARN_DOCUMENTATION_COMMENTS = YES;
				CLANG_WARN_EMPTY_BODY = YES;
				CLANG_WARN_ENUM_CONVERSION = YES;
				CLANG_WARN_INFINITE_RECURSION = YES;
				CLANG_WARN_INT_CONVERSION = YES;
				CLANG_WARN_NON_LITERAL_NULL_CONVERSION = YES;
				CLANG_WARN_OBJC_IMPLICIT_RETAIN_SELF = YES;
				CLANG_WARN_OBJC_LITERAL_CONVERSION = YES;
				CLANG_WARN_OBJC_ROOT_CLASS = YES_ERROR;
				CLANG_WARN_RANGE_LOOP_ANALYSIS = YES;
				CLANG_WARN_STRICT_PROTOTYPES = YES;
				CLANG_WARN_SUSPICIOUS_MOVE = YES;
				CLANG_WARN_UNGUARDED_AVAILABILITY = YES_AGGRESSIVE;
				CLANG_WARN_UNREACHABLE_CODE = YES;
				CLANG_WARN__DUPLICATE_METHOD_MATCH = YES;
				COPY_PHASE_STRIP = NO;
				DEBUG_INFORMATION_FORMAT = dwarf;
				ENABLE_STRICT_OBJC_MSGSEND = YES;
				ENABLE_TESTABILITY = YES;
				GCC_C_LANGUAGE_STANDARD = gnu11;
				GCC_DYNAMIC_NO_PIC = NO;
				GCC_NO_COMMON_BLOCKS = YES;
				GCC_OPTIMIZATION_LEVEL = 0;
				GCC_PREPROCESSOR_DEFINITIONS = (
					"DEBUG=1",
					"$(inherited)",
				);
				GCC_WARN_64_TO_32_BIT_CONVERSION = YES;
				GCC_WARN_ABOUT_RETURN_TYPE = YES_ERROR;
				GCC_WARN_UNDECLARED_SELECTOR = YES;
				GCC_WARN_UNINITIALIZED_AUTOS = YES_AGGRESSIVE;
				GCC_WARN_UNUSED_FUNCTION = YES;
				GCC_WARN_UNUSED_VARIABLE = YES;
				IPHONEOS_DEPLOYMENT_TARGET = 13.5;
				MTL_ENABLE_DEBUG_INFO = INCLUDE_SOURCE;
				MTL_FAST_MATH = YES;
				ONLY_ACTIVE_ARCH = YES;
				SDKROOT = iphoneos;
				SWIFT_ACTIVE_COMPILATION_CONDITIONS = DEBUG;
				SWIFT_OPTIMIZATION_LEVEL = "-Onone";
			};
			name = Debug;
		};
		FA5713E224BD80D2002AF182 /* Release */ = {
			isa = XCBuildConfiguration;
			buildSettings = {
				ALWAYS_SEARCH_USER_PATHS = NO;
				CLANG_ANALYZER_NONNULL = YES;
				CLANG_ANALYZER_NUMBER_OBJECT_CONVERSION = YES_AGGRESSIVE;
				CLANG_CXX_LANGUAGE_STANDARD = "gnu++14";
				CLANG_CXX_LIBRARY = "libc++";
				CLANG_ENABLE_MODULES = YES;
				CLANG_ENABLE_OBJC_ARC = YES;
				CLANG_ENABLE_OBJC_WEAK = YES;
				CLANG_WARN_BLOCK_CAPTURE_AUTORELEASING = YES;
				CLANG_WARN_BOOL_CONVERSION = YES;
				CLANG_WARN_COMMA = YES;
				CLANG_WARN_CONSTANT_CONVERSION = YES;
				CLANG_WARN_DEPRECATED_OBJC_IMPLEMENTATIONS = YES;
				CLANG_WARN_DIRECT_OBJC_ISA_USAGE = YES_ERROR;
				CLANG_WARN_DOCUMENTATION_COMMENTS = YES;
				CLANG_WARN_EMPTY_BODY = YES;
				CLANG_WARN_ENUM_CONVERSION = YES;
				CLANG_WARN_INFINITE_RECURSION = YES;
				CLANG_WARN_INT_CONVERSION = YES;
				CLANG_WARN_NON_LITERAL_NULL_CONVERSION = YES;
				CLANG_WARN_OBJC_IMPLICIT_RETAIN_SELF = YES;
				CLANG_WARN_OBJC_LITERAL_CONVERSION = YES;
				CLANG_WARN_OBJC_ROOT_CLASS = YES_ERROR;
				CLANG_WARN_RANGE_LOOP_ANALYSIS = YES;
				CLANG_WARN_STRICT_PROTOTYPES = YES;
				CLANG_WARN_SUSPICIOUS_MOVE = YES;
				CLANG_WARN_UNGUARDED_AVAILABILITY = YES_AGGRESSIVE;
				CLANG_WARN_UNREACHABLE_CODE = YES;
				CLANG_WARN__DUPLICATE_METHOD_MATCH = YES;
				COPY_PHASE_STRIP = NO;
				DEBUG_INFORMATION_FORMAT = "dwarf-with-dsym";
				ENABLE_NS_ASSERTIONS = NO;
				ENABLE_STRICT_OBJC_MSGSEND = YES;
				GCC_C_LANGUAGE_STANDARD = gnu11;
				GCC_NO_COMMON_BLOCKS = YES;
				GCC_WARN_64_TO_32_BIT_CONVERSION = YES;
				GCC_WARN_ABOUT_RETURN_TYPE = YES_ERROR;
				GCC_WARN_UNDECLARED_SELECTOR = YES;
				GCC_WARN_UNINITIALIZED_AUTOS = YES_AGGRESSIVE;
				GCC_WARN_UNUSED_FUNCTION = YES;
				GCC_WARN_UNUSED_VARIABLE = YES;
				IPHONEOS_DEPLOYMENT_TARGET = 13.5;
				MTL_ENABLE_DEBUG_INFO = NO;
				MTL_FAST_MATH = YES;
				SDKROOT = iphoneos;
				SWIFT_COMPILATION_MODE = wholemodule;
				SWIFT_OPTIMIZATION_LEVEL = "-O";
				VALIDATE_PRODUCT = YES;
			};
			name = Release;
		};
		FA5713E424BD80D2002AF182 /* Debug */ = {
			isa = XCBuildConfiguration;
			baseConfigurationReference = 526F4D06CB831D0AC9F3CDD9 /* Pods-LGJMoudleA.debug.xcconfig */;
			buildSettings = {
				ASSETCATALOG_COMPILER_APPICON_NAME = AppIcon;
				CODE_SIGN_STYLE = Automatic;
				DEVELOPMENT_ASSET_PATHS = "\"LGJMoudleA/Preview Content\"";
				DEVELOPMENT_TEAM = 9XX82M4ACK;
				ENABLE_PREVIEWS = YES;
				INFOPLIST_FILE = LGJMoudleA/Info.plist;
				LD_RUNPATH_SEARCH_PATHS = (
					"$(inherited)",
					"@executable_path/Frameworks",
				);
				PRODUCT_BUNDLE_IDENTIFIER = mh.LGJMoudleA;
				PRODUCT_NAME = "$(TARGET_NAME)";
				SWIFT_VERSION = 5.0;
				TARGETED_DEVICE_FAMILY = "1,2";
			};
			name = Debug;
		};
		FA5713E524BD80D2002AF182 /* Release */ = {
			isa = XCBuildConfiguration;
			baseConfigurationReference = C51EB759C0117051C9C7D7C1 /* Pods-LGJMoudleA.release.xcconfig */;
			buildSettings = {
				ASSETCATALOG_COMPILER_APPICON_NAME = AppIcon;
				CODE_SIGN_STYLE = Automatic;
				DEVELOPMENT_ASSET_PATHS = "\"LGJMoudleA/Preview Content\"";
				DEVELOPMENT_TEAM = 9XX82M4ACK;
				ENABLE_PREVIEWS = YES;
				INFOPLIST_FILE = LGJMoudleA/Info.plist;
				LD_RUNPATH_SEARCH_PATHS = (
					"$(inherited)",
					"@executable_path/Frameworks",
				);
				PRODUCT_BUNDLE_IDENTIFIER = mh.LGJMoudleA;
				PRODUCT_NAME = "$(TARGET_NAME)";
				SWIFT_VERSION = 5.0;
				TARGETED_DEVICE_FAMILY = "1,2";
			};
			name = Release;
		};
/* End XCBuildConfiguration section */

/* Begin XCConfigurationList section */
		FA5713CA24BD80D1002AF182 /* Build configuration list for PBXProject "LGJMoudleA" */ = {
			isa = XCConfigurationList;
			buildConfigurations = (
				FA5713E124BD80D2002AF182 /* Debug */,
				FA5713E224BD80D2002AF182 /* Release */,
			);
			defaultConfigurationIsVisible = 0;
			defaultConfigurationName = Release;
		};
		FA5713E324BD80D2002AF182 /* Build configuration list for PBXNativeTarget "LGJMoudleA" */ = {
			isa = XCConfigurationList;
			buildConfigurations = (
				FA5713E424BD80D2002AF182 /* Debug */,
				FA5713E524BD80D2002AF182 /* Release */,
			);
			defaultConfigurationIsVisible = 0;
			defaultConfigurationName = Release;
		};
/* End XCConfigurationList section */
	};
	rootObject = FA5713C724BD80D1002AF182 /* Project object */;
}
